
Microsoft Visual Studio Solution File, Format Version 12.00
Project("{FAE04EC0-301F-11D3-BF4B-00C04F79EFBC}") = "day1_sonar_sweep", "day1_sonar_sweep\day1_sonar_sweep.csproj", "{CC028640-692B-415F-9ACD-FCB0B745203C}"
EndProject
Project("{FAE04EC0-301F-11D3-BF4B-00C04F79EFBC}") = "day1_sonar_sweep_sliding_window", "day1_sonar_sweep_sliding_window\day1_sonar_sweep_sliding_window.csproj", "{BC32AA84-7BF4-41D0-BAB0-7203BDC571AC}"
EndProject
Project("{FAE04EC0-301F-11D3-BF4B-00C04F79EFBC}") = "day2_dive", "day2_dive\day2_dive.csproj", "{96943674-6A26-4C2F-AAA3-A84AC77D9A59}"
EndProject
Project("{FAE04EC0-301F-11D3-BF4B-00C04F79EFBC}") = "day3_binary_diagnostic", "day3_binary_diagnostic\day3_binary_diagnostic.csproj", "{E7C4F72C-BE0E-4B62-9E9C-10E57AE44A05}"
EndProject
Project("{FAE04EC0-301F-11D3-BF4B-00C04F79EFBC}") = "day4_giant_squid", "day4_giant_squid\day4_giant_squid.csproj", "{C8B16BB0-A8A2-4047-8FFE-1F47B05CE2EF}"
EndProject
Project("{FAE04EC0-301F-11D3-BF4B-00C04F79EFBC}") = "day5_hydrothermal_venture", "day5_hydrothermal_venture\day5_hydrothermal_venture.csproj", "{733CBAAF-3BEC-474E-879A-6143DF949B24}"
EndProject
Project("{FAE04EC0-301F-11D3-BF4B-00C04F79EFBC}") = "day6_lanternfish", "day6_lanternfish\day6_lanternfish.csproj", "{BF2BFFB3-6341-4FC9-9B34-4F9D37B95B31}"
EndProject
Project("{FAE04EC0-301F-11D3-BF4B-00C04F79EFBC}") = "day7_treachery_of_whales", "day7_treachery_of_whales\day7_treachery_of_whales.csproj", "{559B82F2-1285-4F96-91EE-262CA298DA47}"
EndProject
Project("{FAE04EC0-301F-11D3-BF4B-00C04F79EFBC}") = "day8_seven_segment_search", "day8_seven_segment_search\day8_seven_segment_search.csproj", "{860553A7-5D2F-46BE-8788-4A4A636557D4}"
EndProject
Project("{FAE04EC0-301F-11D3-BF4B-00C04F79EFBC}") = "day9_smoke_basin", "day9_smoke_basin\day9_smoke_basin.csproj", "{0253AA5B-9AE0-4BE6-970F-210BE8633554}"
EndProject
Project("{FAE04EC0-301F-11D3-BF4B-00C04F79EFBC}") = "day10_syntax_scoring", "day10_syntax_scoring\day10_syntax_scoring.csproj", "{332D7355-0901-4893-8206-6C77DAE16451}"
EndProject
Project("{FAE04EC0-301F-11D3-BF4B-00C04F79EFBC}") = "day11_dumbo_octopus", "day11_dumbo_octopus\day11_dumbo_octopus.csproj", "{02A03858-F93E-4944-AAF6-90FB69A5A976}"
EndProject
Project("{FAE04EC0-301F-11D3-BF4B-00C04F79EFBC}") = "day12_passage_pathing", "day12_passage_pathing\day12_passage_pathing.csproj", "{4824930A-DAC7-40C2-915C-11F41DAF5C10}"
EndProject
Project("{FAE04EC0-301F-11D3-BF4B-00C04F79EFBC}") = "day13_transparent_origami", "day13_transparent_origami\day13_transparent_origami.csproj", "{91B79444-31A3-4308-B535-4708B16EEB83}"
EndProject
Global
	GlobalSection(SolutionConfigurationPlatforms) = preSolution
		Debug|Any CPU = Debug|Any CPU
		Release|Any CPU = Release|Any CPU
	EndGlobalSection
	GlobalSection(ProjectConfigurationPlatforms) = postSolution
		{CC028640-692B-415F-9ACD-FCB0B745203C}.Debug|Any CPU.ActiveCfg = Debug|Any CPU
		{CC028640-692B-415F-9ACD-FCB0B745203C}.Debug|Any CPU.Build.0 = Debug|Any CPU
		{CC028640-692B-415F-9ACD-FCB0B745203C}.Release|Any CPU.ActiveCfg = Release|Any CPU
		{CC028640-692B-415F-9ACD-FCB0B745203C}.Release|Any CPU.Build.0 = Release|Any CPU
		{BC32AA84-7BF4-41D0-BAB0-7203BDC571AC}.Debug|Any CPU.ActiveCfg = Debug|Any CPU
		{BC32AA84-7BF4-41D0-BAB0-7203BDC571AC}.Debug|Any CPU.Build.0 = Debug|Any CPU
		{BC32AA84-7BF4-41D0-BAB0-7203BDC571AC}.Release|Any CPU.ActiveCfg = Release|Any CPU
		{BC32AA84-7BF4-41D0-BAB0-7203BDC571AC}.Release|Any CPU.Build.0 = Release|Any CPU
		{96943674-6A26-4C2F-AAA3-A84AC77D9A59}.Debug|Any CPU.ActiveCfg = Debug|Any CPU
		{96943674-6A26-4C2F-AAA3-A84AC77D9A59}.Debug|Any CPU.Build.0 = Debug|Any CPU
		{96943674-6A26-4C2F-AAA3-A84AC77D9A59}.Release|Any CPU.ActiveCfg = Release|Any CPU
		{96943674-6A26-4C2F-AAA3-A84AC77D9A59}.Release|Any CPU.Build.0 = Release|Any CPU
		{E7C4F72C-BE0E-4B62-9E9C-10E57AE44A05}.Debug|Any CPU.ActiveCfg = Debug|Any CPU
		{E7C4F72C-BE0E-4B62-9E9C-10E57AE44A05}.Debug|Any CPU.Build.0 = Debug|Any CPU
		{E7C4F72C-BE0E-4B62-9E9C-10E57AE44A05}.Release|Any CPU.ActiveCfg = Release|Any CPU
		{E7C4F72C-BE0E-4B62-9E9C-10E57AE44A05}.Release|Any CPU.Build.0 = Release|Any CPU
		{C8B16BB0-A8A2-4047-8FFE-1F47B05CE2EF}.Debug|Any CPU.ActiveCfg = Debug|Any CPU
		{C8B16BB0-A8A2-4047-8FFE-1F47B05CE2EF}.Debug|Any CPU.Build.0 = Debug|Any CPU
		{C8B16BB0-A8A2-4047-8FFE-1F47B05CE2EF}.Release|Any CPU.ActiveCfg = Release|Any CPU
		{C8B16BB0-A8A2-4047-8FFE-1F47B05CE2EF}.Release|Any CPU.Build.0 = Release|Any CPU
		{733CBAAF-3BEC-474E-879A-6143DF949B24}.Debug|Any CPU.ActiveCfg = Debug|Any CPU
		{733CBAAF-3BEC-474E-879A-6143DF949B24}.Debug|Any CPU.Build.0 = Debug|Any CPU
		{733CBAAF-3BEC-474E-879A-6143DF949B24}.Release|Any CPU.ActiveCfg = Release|Any CPU
		{733CBAAF-3BEC-474E-879A-6143DF949B24}.Release|Any CPU.Build.0 = Release|Any CPU
		{BF2BFFB3-6341-4FC9-9B34-4F9D37B95B31}.Debug|Any CPU.ActiveCfg = Debug|Any CPU
		{BF2BFFB3-6341-4FC9-9B34-4F9D37B95B31}.Debug|Any CPU.Build.0 = Debug|Any CPU
		{BF2BFFB3-6341-4FC9-9B34-4F9D37B95B31}.Release|Any CPU.ActiveCfg = Release|Any CPU
		{BF2BFFB3-6341-4FC9-9B34-4F9D37B95B31}.Release|Any CPU.Build.0 = Release|Any CPU
		{559B82F2-1285-4F96-91EE-262CA298DA47}.Debug|Any CPU.ActiveCfg = Debug|Any CPU
		{559B82F2-1285-4F96-91EE-262CA298DA47}.Debug|Any CPU.Build.0 = Debug|Any CPU
		{559B82F2-1285-4F96-91EE-262CA298DA47}.Release|Any CPU.ActiveCfg = Release|Any CPU
		{559B82F2-1285-4F96-91EE-262CA298DA47}.Release|Any CPU.Build.0 = Release|Any CPU
		{860553A7-5D2F-46BE-8788-4A4A636557D4}.Debug|Any CPU.ActiveCfg = Debug|Any CPU
		{860553A7-5D2F-46BE-8788-4A4A636557D4}.Debug|Any CPU.Build.0 = Debug|Any CPU
		{860553A7-5D2F-46BE-8788-4A4A636557D4}.Release|Any CPU.ActiveCfg = Release|Any CPU
		{860553A7-5D2F-46BE-8788-4A4A636557D4}.Release|Any CPU.Build.0 = Release|Any CPU
		{0253AA5B-9AE0-4BE6-970F-210BE8633554}.Debug|Any CPU.ActiveCfg = Debug|Any CPU
		{0253AA5B-9AE0-4BE6-970F-210BE8633554}.Debug|Any CPU.Build.0 = Debug|Any CPU
		{0253AA5B-9AE0-4BE6-970F-210BE8633554}.Release|Any CPU.ActiveCfg = Release|Any CPU
		{0253AA5B-9AE0-4BE6-970F-210BE8633554}.Release|Any CPU.Build.0 = Release|Any CPU
		{332D7355-0901-4893-8206-6C77DAE16451}.Debug|Any CPU.ActiveCfg = Debug|Any CPU
		{332D7355-0901-4893-8206-6C77DAE16451}.Debug|Any CPU.Build.0 = Debug|Any CPU
		{332D7355-0901-4893-8206-6C77DAE16451}.Release|Any CPU.ActiveCfg = Release|Any CPU
		{332D7355-0901-4893-8206-6C77DAE16451}.Release|Any CPU.Build.0 = Release|Any CPU
		{02A03858-F93E-4944-AAF6-90FB69A5A976}.Debug|Any CPU.ActiveCfg = Debug|Any CPU
		{02A03858-F93E-4944-AAF6-90FB69A5A976}.Debug|Any CPU.Build.0 = Debug|Any CPU
		{02A03858-F93E-4944-AAF6-90FB69A5A976}.Release|Any CPU.ActiveCfg = Release|Any CPU
		{02A03858-F93E-4944-AAF6-90FB69A5A976}.Release|Any CPU.Build.0 = Release|Any CPU
		{4824930A-DAC7-40C2-915C-11F41DAF5C10}.Debug|Any CPU.ActiveCfg = Debug|Any CPU
		{4824930A-DAC7-40C2-915C-11F41DAF5C10}.Debug|Any CPU.Build.0 = Debug|Any CPU
		{4824930A-DAC7-40C2-915C-11F41DAF5C10}.Release|Any CPU.ActiveCfg = Release|Any CPU
		{4824930A-DAC7-40C2-915C-11F41DAF5C10}.Release|Any CPU.Build.0 = Release|Any CPU
		{91B79444-31A3-4308-B535-4708B16EEB83}.Debug|Any CPU.ActiveCfg = Debug|Any CPU
		{91B79444-31A3-4308-B535-4708B16EEB83}.Debug|Any CPU.Build.0 = Debug|Any CPU
		{91B79444-31A3-4308-B535-4708B16EEB83}.Release|Any CPU.ActiveCfg = Release|Any CPU
		{91B79444-31A3-4308-B535-4708B16EEB83}.Release|Any CPU.Build.0 = Release|Any CPU
	EndGlobalSection
EndGlobal
